<?xml version="1.0" encoding="utf-8"?>
<Project ToolsVersion="4.0" xmlns="http://schemas.microsoft.com/developer/msbuild/2003">
  <ItemGroup>
    <Filter Include="Source Files">
      <UniqueIdentifier>{4FC737F1-C7A5-4376-A066-2A32D752A2FF}</UniqueIdentifier>
      <Extensions>cpp;c;cc;cxx;def;odl;idl;hpj;bat;asm;asmx</Extensions>
    </Filter>
    <Filter Include="Header Files">
      <UniqueIdentifier>{93995380-89BD-4b04-88EB-625FBE52EBFB}</UniqueIdentifier>
      <Extensions>h;hh;hpp;hxx;hm;inl;inc;xsd</Extensions>
    </Filter>
    <Filter Include="Resource Files">
      <UniqueIdentifier>{67DA6AB6-F800-4c08-8B7A-83BB121AAD01}</UniqueIdentifier>
      <Extensions>rc;ico;cur;bmp;dlg;rc2;rct;bin;rgs;gif;jpg;jpeg;jpe;resx;tiff;tif;png;wav;mfcribbon-ms</Extensions>
    </Filter>
    <Filter Include="Resource Files\fonts">
      <UniqueIdentifier>{43c7d508-f564-41db-9f7d-0bbdade08d08}</UniqueIdentifier>
    </Filter>
    <Filter Include="Third Party">
      <UniqueIdentifier>{6d2b5104-1918-4073-a645-d1f9be8b7194}</UniqueIdentifier>
    </Filter>
    <Filter Include="Third Party\rapidjson">
      <UniqueIdentifier>{869a5e63-165b-4384-9262-7c4673da97ed}</UniqueIdentifier>
    </Filter>
    <Filter Include="Third Party\rapidjson\error">
      <UniqueIdentifier>{585ea677-8312-4ebe-9ff4-23e1b36a6d8c}</UniqueIdentifier>
    </Filter>
    <Filter Include="Third Party\rapidjson\internal">
      <UniqueIdentifier>{c991407f-49a8-4258-a4aa-2f4d390f7f9d}</UniqueIdentifier>
    </Filter>
    <Filter Include="Third Party\rapidjson\msinttypes">
      <UniqueIdentifier>{eb095863-10ea-48da-948a-5d98bfe99257}</UniqueIdentifier>
    </Filter>
  </ItemGroup>
  <ItemGroup>
    <ClInclude Include="stdafx.h">
      <Filter>Header Files</Filter>
    </ClInclude>
    <ClInclude Include="Resource.h">
      <Filter>Header Files</Filter>
    </ClInclude>
    <ClInclude Include="wCore.h">
      <Filter>Header Files</Filter>
    </ClInclude>
    <ClInclude Include="wBase.h">
      <Filter>Header Files</Filter>
    </ClInclude>
    <ClInclude Include="wApp.h">
      <Filter>Header Files</Filter>
    </ClInclude>
    <ClInclude Include="CFlatButton.h">
      <Filter>Header Files</Filter>
    </ClInclude>
    <ClInclude Include="ver.h">
      <Filter>Header Files</Filter>
    </ClInclude>
    <ClInclude Include="CWikiBasePage2.h">
      <Filter>Header Files</Filter>
    </ClInclude>
    <ClInclude Include="CWikiBasePage1.h">
      <Filter>Header Files</Filter>
    </ClInclude>
    <ClInclude Include="thirdparty\rapidjson\allocators.h">
      <Filter>Third Party\rapidjson</Filter>
    </ClInclude>
    <ClInclude Include="thirdparty\rapidjson\document.h">
      <Filter>Third Party\rapidjson</Filter>
    </ClInclude>
    <ClInclude Include="thirdparty\rapidjson\encodedstream.h">
      <Filter>Third Party\rapidjson</Filter>
    </ClInclude>
    <ClInclude Include="thirdparty\rapidjson\encodings.h">
      <Filter>Third Party\rapidjson</Filter>
    </ClInclude>
    <ClInclude Include="thirdparty\rapidjson\filereadstream.h">
      <Filter>Third Party\rapidjson</Filter>
    </ClInclude>
    <ClInclude Include="thirdparty\rapidjson\filestream.h">
      <Filter>Third Party\rapidjson</Filter>
    </ClInclude>
    <ClInclude Include="thirdparty\rapidjson\filewritestream.h">
      <Filter>Third Party\rapidjson</Filter>
    </ClInclude>
    <ClInclude Include="thirdparty\rapidjson\memorybuffer.h">
      <Filter>Third Party\rapidjson</Filter>
    </ClInclude>
    <ClInclude Include="thirdparty\rapidjson\memorystream.h">
      <Filter>Third Party\rapidjson</Filter>
    </ClInclude>
    <ClInclude Include="thirdparty\rapidjson\prettywriter.h">
      <Filter>Third Party\rapidjson</Filter>
    </ClInclude>
    <ClInclude Include="thirdparty\rapidjson\rapidjson.h">
      <Filter>Third Party\rapidjson</Filter>
    </ClInclude>
    <ClInclude Include="thirdparty\rapidjson\reader.h">
      <Filter>Third Party\rapidjson</Filter>
    </ClInclude>
    <ClInclude Include="thirdparty\rapidjson\stringbuffer.h">
      <Filter>Third Party\rapidjson</Filter>
    </ClInclude>
    <ClInclude Include="thirdparty\rapidjson\writer.h">
      <Filter>Third Party\rapidjson</Filter>
    </ClInclude>
    <ClInclude Include="thirdparty\rapidjson\error\en.h">
      <Filter>Third Party\rapidjson\error</Filter>
    </ClInclude>
    <ClInclude Include="thirdparty\rapidjson\error\error.h">
      <Filter>Third Party\rapidjson\error</Filter>
    </ClInclude>
    <ClInclude Include="thirdparty\rapidjson\internal\biginteger.h">
      <Filter>Third Party\rapidjson\internal</Filter>
    </ClInclude>
    <ClInclude Include="thirdparty\rapidjson\internal\diyfp.h">
      <Filter>Third Party\rapidjson\internal</Filter>
    </ClInclude>
    <ClInclude Include="thirdparty\rapidjson\internal\dtoa.h">
      <Filter>Third Party\rapidjson\internal</Filter>
    </ClInclude>
    <ClInclude Include="thirdparty\rapidjson\internal\ieee754.h">
      <Filter>Third Party\rapidjson\internal</Filter>
    </ClInclude>
    <ClInclude Include="thirdparty\rapidjson\internal\itoa.h">
      <Filter>Third Party\rapidjson\internal</Filter>
    </ClInclude>
    <ClInclude Include="thirdparty\rapidjson\internal\meta.h">
      <Filter>Third Party\rapidjson\internal</Filter>
    </ClInclude>
    <ClInclude Include="thirdparty\rapidjson\internal\pow10.h">
      <Filter>Third Party\rapidjson\internal</Filter>
    </ClInclude>
    <ClInclude Include="thirdparty\rapidjson\internal\stack.h">
      <Filter>Third Party\rapidjson\internal</Filter>
    </ClInclude>
    <ClInclude Include="thirdparty\rapidjson\internal\strfunc.h">
      <Filter>Third Party\rapidjson\internal</Filter>
    </ClInclude>
    <ClInclude Include="thirdparty\rapidjson\internal\strtod.h">
      <Filter>Third Party\rapidjson\internal</Filter>
    </ClInclude>
    <ClInclude Include="thirdparty\rapidjson\msinttypes\inttypes.h">
      <Filter>Third Party\rapidjson\msinttypes</Filter>
    </ClInclude>
    <ClInclude Include="thirdparty\rapidjson\msinttypes\stdint.h">
      <Filter>Third Party\rapidjson\msinttypes</Filter>
    </ClInclude>
  </ItemGroup>
  <ItemGroup>
    <ClCompile Include="stdafx.cpp">
      <Filter>Source Files</Filter>
    </ClCompile>
    <ClCompile Include="wCore.cpp">
      <Filter>Source Files</Filter>
    </ClCompile>
    <ClCompile Include="wBase.cpp">
      <Filter>Source Files</Filter>
    </ClCompile>
    <ClCompile Include="wApp.cpp">
      <Filter>Source Files</Filter>
    </ClCompile>
    <ClCompile Include="CFlatButton.cpp">
      <Filter>Source Files</Filter>
    </ClCompile>
    <ClCompile Include="CWikiBasePage1.cpp">
      <Filter>Source Files</Filter>
    </ClCompile>
    <ClCompile Include="CWikiBasePage2.cpp">
      <Filter>Source Files</Filter>
    </ClCompile>
  </ItemGroup>
  <ItemGroup>
    <ResourceCompile Include="WikiW.rc">
      <Filter>Resource Files</Filter>
    </ResourceCompile>
  </ItemGroup>
  <ItemGroup>
    <None Include="res\WikiW.rc2">
      <Filter>Resource Files</Filter>
    </None>
  </ItemGroup>
  <ItemGroup>
    <Image Include="res\47flat_by_studio4.ico">
      <Filter>Resource Files</Filter>
    </Image>
    <Image Include="res\47flat_by_studio4.png">
      <Filter>Resource Files</Filter>
    </Image>
  </ItemGroup>
  <ItemGroup>
    <Text Include="res\fonts\Open_Sans\LICENSE.txt">
      <Filter>Resource Files\fonts</Filter>
    </Text>
    <Text Include="res\fonts\Roboto\LICENSE.txt">
      <Filter>Resource Files\fonts</Filter>
    </Text>
  </ItemGroup>
  <ItemGroup>
    <Font Include="res\fonts\Open_Sans\OpenSans-Bold.ttf">
      <Filter>Resource Files\fonts</Filter>
    </Font>
    <Font Include="res\fonts\Open_Sans\OpenSans-BoldItalic.ttf">
      <Filter>Resource Files\fonts</Filter>
    </Font>
    <Font Include="res\fonts\Open_Sans\OpenSans-ExtraBold.ttf">
      <Filter>Resource Files\fonts</Filter>
    </Font>
    <Font Include="res\fonts\Open_Sans\OpenSans-ExtraBoldItalic.ttf">
      <Filter>Resource Files\fonts</Filter>
    </Font>
    <Font Include="res\fonts\Open_Sans\OpenSans-Italic.ttf">
      <Filter>Resource Files\fonts</Filter>
    </Font>
    <Font Include="res\fonts\Open_Sans\OpenSans-Light.ttf">
      <Filter>Resource Files\fonts</Filter>
    </Font>
    <Font Include="res\fonts\Open_Sans\OpenSans-LightItalic.ttf">
      <Filter>Resource Files\fonts</Filter>
    </Font>
    <Font Include="res\fonts\Open_Sans\OpenSans-Regular.ttf">
      <Filter>Resource Files\fonts</Filter>
    </Font>
    <Font Include="res\fonts\Open_Sans\OpenSans-Semibold.ttf">
      <Filter>Resource Files\fonts</Filter>
    </Font>
    <Font Include="res\fonts\Open_Sans\OpenSans-SemiboldItalic.ttf">
      <Filter>Resource Files\fonts</Filter>
    </Font>
    <Font Include="res\fonts\Roboto\Roboto-Black.ttf">
      <Filter>Resource Files\fonts</Filter>
    </Font>
    <Font Include="res\fonts\Roboto\Roboto-BlackItalic.ttf">
      <Filter>Resource Files\fonts</Filter>
    </Font>
    <Font Include="res\fonts\Roboto\Roboto-Bold.ttf">
      <Filter>Resource Files\fonts</Filter>
    </Font>
    <Font Include="res\fonts\Roboto\Roboto-BoldItalic.ttf">
      <Filter>Resource Files\fonts</Filter>
    </Font>
    <Font Include="res\fonts\Roboto\Roboto-Italic.ttf">
      <Filter>Resource Files\fonts</Filter>
    </Font>
    <Font Include="res\fonts\Roboto\Roboto-Light.ttf">
      <Filter>Resource Files\fonts</Filter>
    </Font>
    <Font Include="res\fonts\Roboto\Roboto-LightItalic.ttf">
      <Filter>Resource Files\fonts</Filter>
    </Font>
    <Font Include="res\fonts\Roboto\Roboto-Medium.ttf">
      <Filter>Resource Files\fonts</Filter>
    </Font>
    <Font Include="res\fonts\Roboto\Roboto-MediumItalic.ttf">
      <Filter>Resource Files\fonts</Filter>
    </Font>
    <Font Include="res\fonts\Roboto\Roboto-Regular.ttf">
      <Filter>Resource Files\fonts</Filter>
    </Font>
    <Font Include="res\fonts\Roboto\Roboto-Thin.ttf">
      <Filter>Resource Files\fonts</Filter>
    </Font>
    <Font Include="res\fonts\Roboto\Roboto-ThinItalic.ttf">
      <Filter>Resource Files\fonts</Filter>
    </Font>
  </ItemGroup>
</Project>