<?xml version="1.0" encoding="utf-8"?>
<Project ToolsVersion="4.0" xmlns="http://schemas.microsoft.com/developer/msbuild/2003">
  <ItemGroup>
    <Filter Include="Source Files">
      <UniqueIdentifier>{4FC737F1-C7A5-4376-A066-2A32D752A2FF}</UniqueIdentifier>
      <Extensions>cpp;c;cc;cxx;def;odl;idl;hpj;bat;asm;asmx</Extensions>
    </Filter>
    <Filter Include="Header Files">
      <UniqueIdentifier>{93995380-89BD-4b04-88EB-625FBE52EBFB}</UniqueIdentifier>
      <Extensions>h;hh;hpp;hxx;hm;inl;inc;xsd</Extensions>
    </Filter>
    <Filter Include="Resource Files">
      <UniqueIdentifier>{67DA6AB6-F800-4c08-8B7A-83BB121AAD01}</UniqueIdentifier>
      <Extensions>rc;ico;cur;bmp;dlg;rc2;rct;bin;rgs;gif;jpg;jpeg;jpe;resx;tiff;tif;png;wav;mfcribbon-ms</Extensions>
    </Filter>
    <Filter Include="Resource Files\fonts">
      <UniqueIdentifier>{43c7d508-f564-41db-9f7d-0bbdade08d08}</UniqueIdentifier>
    </Filter>
  </ItemGroup>
  <ItemGroup>
    <ClInclude Include="stdafx.h">
      <Filter>Header Files</Filter>
    </ClInclude>
    <ClInclude Include="Resource.h">
      <Filter>Header Files</Filter>
    </ClInclude>
    <ClInclude Include="wCore.h">
      <Filter>Header Files</Filter>
    </ClInclude>
    <ClInclude Include="wBase.h">
      <Filter>Header Files</Filter>
    </ClInclude>
    <ClInclude Include="wApp.h">
      <Filter>Header Files</Filter>
    </ClInclude>
    <ClInclude Include="CFlatButton.h">
      <Filter>Header Files</Filter>
    </ClInclude>
    <ClInclude Include="ver.h">
      <Filter>Header Files</Filter>
    </ClInclude>
    <ClInclude Include="CWikiBasePage2.h">
      <Filter>Header Files</Filter>
    </ClInclude>
    <ClInclude Include="CWikiBasePage1.h">
      <Filter>Header Files</Filter>
    </ClInclude>
  </ItemGroup>
  <ItemGroup>
    <ClCompile Include="stdafx.cpp">
      <Filter>Source Files</Filter>
    </ClCompile>
    <ClCompile Include="wCore.cpp">
      <Filter>Source Files</Filter>
    </ClCompile>
    <ClCompile Include="wBase.cpp">
      <Filter>Source Files</Filter>
    </ClCompile>
    <ClCompile Include="wApp.cpp">
      <Filter>Source Files</Filter>
    </ClCompile>
    <ClCompile Include="CFlatButton.cpp">
      <Filter>Source Files</Filter>
    </ClCompile>
    <ClCompile Include="CWikiBasePage1.cpp">
      <Filter>Source Files</Filter>
    </ClCompile>
    <ClCompile Include="CWikiBasePage2.cpp">
      <Filter>Source Files</Filter>
    </ClCompile>
  </ItemGroup>
  <ItemGroup>
    <ResourceCompile Include="WikiW.rc">
      <Filter>Resource Files</Filter>
    </ResourceCompile>
  </ItemGroup>
  <ItemGroup>
    <None Include="res\WikiW.rc2">
      <Filter>Resource Files</Filter>
    </None>
  </ItemGroup>
  <ItemGroup>
    <Image Include="res\47flat_by_studio4.ico">
      <Filter>Resource Files</Filter>
    </Image>
    <Image Include="res\47flat_by_studio4.png">
      <Filter>Resource Files</Filter>
    </Image>
  </ItemGroup>
  <ItemGroup>
    <Text Include="res\fonts\Open_Sans\LICENSE.txt">
      <Filter>Resource Files\fonts</Filter>
    </Text>
    <Text Include="res\fonts\Roboto\LICENSE.txt">
      <Filter>Resource Files\fonts</Filter>
    </Text>
  </ItemGroup>
  <ItemGroup>
    <Font Include="res\fonts\Open_Sans\OpenSans-Bold.ttf">
      <Filter>Resource Files\fonts</Filter>
    </Font>
    <Font Include="res\fonts\Open_Sans\OpenSans-BoldItalic.ttf">
      <Filter>Resource Files\fonts</Filter>
    </Font>
    <Font Include="res\fonts\Open_Sans\OpenSans-ExtraBold.ttf">
      <Filter>Resource Files\fonts</Filter>
    </Font>
    <Font Include="res\fonts\Open_Sans\OpenSans-ExtraBoldItalic.ttf">
      <Filter>Resource Files\fonts</Filter>
    </Font>
    <Font Include="res\fonts\Open_Sans\OpenSans-Italic.ttf">
      <Filter>Resource Files\fonts</Filter>
    </Font>
    <Font Include="res\fonts\Open_Sans\OpenSans-Light.ttf">
      <Filter>Resource Files\fonts</Filter>
    </Font>
    <Font Include="res\fonts\Open_Sans\OpenSans-LightItalic.ttf">
      <Filter>Resource Files\fonts</Filter>
    </Font>
    <Font Include="res\fonts\Open_Sans\OpenSans-Regular.ttf">
      <Filter>Resource Files\fonts</Filter>
    </Font>
    <Font Include="res\fonts\Open_Sans\OpenSans-Semibold.ttf">
      <Filter>Resource Files\fonts</Filter>
    </Font>
    <Font Include="res\fonts\Open_Sans\OpenSans-SemiboldItalic.ttf">
      <Filter>Resource Files\fonts</Filter>
    </Font>
    <Font Include="res\fonts\Roboto\Roboto-Black.ttf">
      <Filter>Resource Files\fonts</Filter>
    </Font>
    <Font Include="res\fonts\Roboto\Roboto-BlackItalic.ttf">
      <Filter>Resource Files\fonts</Filter>
    </Font>
    <Font Include="res\fonts\Roboto\Roboto-Bold.ttf">
      <Filter>Resource Files\fonts</Filter>
    </Font>
    <Font Include="res\fonts\Roboto\Roboto-BoldItalic.ttf">
      <Filter>Resource Files\fonts</Filter>
    </Font>
    <Font Include="res\fonts\Roboto\Roboto-Italic.ttf">
      <Filter>Resource Files\fonts</Filter>
    </Font>
    <Font Include="res\fonts\Roboto\Roboto-Light.ttf">
      <Filter>Resource Files\fonts</Filter>
    </Font>
    <Font Include="res\fonts\Roboto\Roboto-LightItalic.ttf">
      <Filter>Resource Files\fonts</Filter>
    </Font>
    <Font Include="res\fonts\Roboto\Roboto-Medium.ttf">
      <Filter>Resource Files\fonts</Filter>
    </Font>
    <Font Include="res\fonts\Roboto\Roboto-MediumItalic.ttf">
      <Filter>Resource Files\fonts</Filter>
    </Font>
    <Font Include="res\fonts\Roboto\Roboto-Regular.ttf">
      <Filter>Resource Files\fonts</Filter>
    </Font>
    <Font Include="res\fonts\Roboto\Roboto-Thin.ttf">
      <Filter>Resource Files\fonts</Filter>
    </Font>
    <Font Include="res\fonts\Roboto\Roboto-ThinItalic.ttf">
      <Filter>Resource Files\fonts</Filter>
    </Font>
  </ItemGroup>
</Project>